
Microsoft Visual Studio Solution File, Format Version 12.00
Project("{FAE04EC0-301F-11D3-BF4B-00C04F79EFBC}") = "CryptographyInDotNet", "CryptographyInDotNet\CryptographyInDotNet.csproj", "{46D15CEB-23CF-4204-B4AD-372DF2611580}"
EndProject
Project("{FAE04EC0-301F-11D3-BF4B-00C04F79EFBC}") = "FileComparer", "FileComparer\FileComparer.csproj", "{867DB8D4-81FF-487C-8E06-F2423708393E}"
EndProject
Project("{FAE04EC0-301F-11D3-BF4B-00C04F79EFBC}") = "PasswordProtection", "PasswordProtection\PasswordProtection.csproj", "{3B027127-AB14-4076-9529-891E437E3E52}"
EndProject
Project("{FAE04EC0-301F-11D3-BF4B-00C04F79EFBC}") = "Encryption", "Encryption\Encryption.csproj", "{BE41EEA6-E225-4383-B9AC-372A8DE5FDBD}"
EndProject
Global
	GlobalSection(SolutionConfigurationPlatforms) = preSolution
		Debug|Any CPU = Debug|Any CPU
		Release|Any CPU = Release|Any CPU
	EndGlobalSection
	GlobalSection(ProjectConfigurationPlatforms) = postSolution
		{46D15CEB-23CF-4204-B4AD-372DF2611580}.Debug|Any CPU.ActiveCfg = Debug|Any CPU
		{46D15CEB-23CF-4204-B4AD-372DF2611580}.Debug|Any CPU.Build.0 = Debug|Any CPU
		{46D15CEB-23CF-4204-B4AD-372DF2611580}.Release|Any CPU.ActiveCfg = Release|Any CPU
		{46D15CEB-23CF-4204-B4AD-372DF2611580}.Release|Any CPU.Build.0 = Release|Any CPU
		{867DB8D4-81FF-487C-8E06-F2423708393E}.Debug|Any CPU.ActiveCfg = Debug|Any CPU
		{867DB8D4-81FF-487C-8E06-F2423708393E}.Debug|Any CPU.Build.0 = Debug|Any CPU
		{867DB8D4-81FF-487C-8E06-F2423708393E}.Release|Any CPU.ActiveCfg = Release|Any CPU
		{867DB8D4-81FF-487C-8E06-F2423708393E}.Release|Any CPU.Build.0 = Release|Any CPU
		{3B027127-AB14-4076-9529-891E437E3E52}.Debug|Any CPU.ActiveCfg = Debug|Any CPU
		{3B027127-AB14-4076-9529-891E437E3E52}.Debug|Any CPU.Build.0 = Debug|Any CPU
		{3B027127-AB14-4076-9529-891E437E3E52}.Release|Any CPU.ActiveCfg = Release|Any CPU
		{3B027127-AB14-4076-9529-891E437E3E52}.Release|Any CPU.Build.0 = Release|Any CPU
		{BE41EEA6-E225-4383-B9AC-372A8DE5FDBD}.Debug|Any CPU.ActiveCfg = Debug|Any CPU
		{BE41EEA6-E225-4383-B9AC-372A8DE5FDBD}.Debug|Any CPU.Build.0 = Debug|Any CPU
		{BE41EEA6-E225-4383-B9AC-372A8DE5FDBD}.Release|Any CPU.ActiveCfg = Release|Any CPU
		{BE41EEA6-E225-4383-B9AC-372A8DE5FDBD}.Release|Any CPU.Build.0 = Release|Any CPU
	EndGlobalSection
EndGlobal
